<Solution>
  <Project Path="MoreMountains.Tools.csproj" />
  <Project Path="CFXREditor.csproj" />
  <Project Path="MoreMountains.Tools.Editor.csproj" />
  <Project Path="CFXRRuntime.csproj" />
  <Project Path="Lofelt.NiceVibrations.Demo.csproj" />
  <Project Path="Assembly-CSharp-firstpass.csproj" />
  <Project Path="Assembly-CSharp.csproj" />
  <Project Path="ToonyColorsPro.Demo.Editor.csproj" />
  <Project Path="Lofelt.NiceVibrations.Editor.csproj" />
  <Project Path="Assembly-CSharp-Editor.csproj" />
  <Project Path="Lofelt.NiceVibrations.csproj" />
  <Project Path="Assembly-CSharp-Editor-firstpass.csproj" />
  <Project Path="CFXRDemo.csproj" />
  <Project Path="KinoBloom.Runtime.csproj" />
</Solution>
